// !$*UTF8*$!
{
	archiveVersion = 1;
	classes = {
	};
	objectVersion = 50;
	objects = {

/* Begin PBXBuildFile section */
		774F278624F6D85F001A556C /* Repositories.xcassets in Resources */ = {isa = PBXBuildFile; fileRef = 774F278524F6D85F001A556C /* Repositories.xcassets */; };
		774F278824F7C015001A556C /* RepositoryViewModel.swift in Sources */ = {isa = PBXBuildFile; fileRef = 774F278724F7C015001A556C /* RepositoryViewModel.swift */; };
		774F278B24F8757A001A556C /* PagingPresenterHelper.swift in Sources */ = {isa = PBXBuildFile; fileRef = 774F278A24F8757A001A556C /* PagingPresenterHelper.swift */; };
		774F278E24F88866001A556C /* RepositoryInfoViewController.swift in Sources */ = {isa = PBXBuildFile; fileRef = 774F278D24F88866001A556C /* RepositoryInfoViewController.swift */; };
		774F279024F88878001A556C /* RepositoryInfoInteractor.swift in Sources */ = {isa = PBXBuildFile; fileRef = 774F278F24F88878001A556C /* RepositoryInfoInteractor.swift */; };
		774F279224F8888C001A556C /* RepositoryInfoPresenter.swift in Sources */ = {isa = PBXBuildFile; fileRef = 774F279124F8888C001A556C /* RepositoryInfoPresenter.swift */; };
		774F279424F888B9001A556C /* RepositoryInfoRouter.swift in Sources */ = {isa = PBXBuildFile; fileRef = 774F279324F888B9001A556C /* RepositoryInfoRouter.swift */; };
		774F279624F888CB001A556C /* RepositoryInfoConfigurator.swift in Sources */ = {isa = PBXBuildFile; fileRef = 774F279524F888CB001A556C /* RepositoryInfoConfigurator.swift */; };
		774F279824F888EE001A556C /* RepositoryInfoViewController.xib in Resources */ = {isa = PBXBuildFile; fileRef = 774F279724F888EE001A556C /* RepositoryInfoViewController.xib */; };
		774F279A24F88E2B001A556C /* UIViewController+IndexPath.swift in Sources */ = {isa = PBXBuildFile; fileRef = 774F279924F88E2B001A556C /* UIViewController+IndexPath.swift */; };
		774F279F24F8916B001A556C /* UserViewModel.swift in Sources */ = {isa = PBXBuildFile; fileRef = 774F279E24F8916B001A556C /* UserViewModel.swift */; };
		774F27A124F893CB001A556C /* UserTableViewCell.swift in Sources */ = {isa = PBXBuildFile; fileRef = 774F27A024F893CB001A556C /* UserTableViewCell.swift */; };
		774F27A324F893E4001A556C /* UserTableViewCell.xib in Resources */ = {isa = PBXBuildFile; fileRef = 774F27A224F893E4001A556C /* UserTableViewCell.xib */; };
		774F27A524F89B5D001A556C /* Fork.swift in Sources */ = {isa = PBXBuildFile; fileRef = 774F27A424F89B5D001A556C /* Fork.swift */; };
		77E6791824E424C700D48522 /* AppDelegate.swift in Sources */ = {isa = PBXBuildFile; fileRef = 77E6791724E424C700D48522 /* AppDelegate.swift */; };
		77E6792124E424C900D48522 /* Assets.xcassets in Resources */ = {isa = PBXBuildFile; fileRef = 77E6792024E424C900D48522 /* Assets.xcassets */; };
		77E6792424E424C900D48522 /* LaunchScreen.storyboard in Resources */ = {isa = PBXBuildFile; fileRef = 77E6792224E424C900D48522 /* LaunchScreen.storyboard */; };
		77E6792F24E424C900D48522 /* RepoSearcherTests.swift in Sources */ = {isa = PBXBuildFile; fileRef = 77E6792E24E424C900D48522 /* RepoSearcherTests.swift */; };
		77E6793C24E99AA300D48522 /* SearchViewController.swift in Sources */ = {isa = PBXBuildFile; fileRef = 77E6793B24E99AA300D48522 /* SearchViewController.swift */; };
		77E6793E24E99AD900D48522 /* SearchInteractor.swift in Sources */ = {isa = PBXBuildFile; fileRef = 77E6793D24E99AD900D48522 /* SearchInteractor.swift */; };
		77E6794024E99AE600D48522 /* SearchPresenter.swift in Sources */ = {isa = PBXBuildFile; fileRef = 77E6793F24E99AE600D48522 /* SearchPresenter.swift */; };
		77E6794224E99AF400D48522 /* SearchRouter.swift in Sources */ = {isa = PBXBuildFile; fileRef = 77E6794124E99AF400D48522 /* SearchRouter.swift */; };
		77E6794424E99B0400D48522 /* SearchConfigurator.swift in Sources */ = {isa = PBXBuildFile; fileRef = 77E6794324E99B0400D48522 /* SearchConfigurator.swift */; };
		77E6795524EA9A0C00D48522 /* SearchViewController.xib in Resources */ = {isa = PBXBuildFile; fileRef = 77E6795424EA9A0C00D48522 /* SearchViewController.xib */; };
		77E6795824EAFC0600D48522 /* RequestSender.swift in Sources */ = {isa = PBXBuildFile; fileRef = 77E6795724EAFC0600D48522 /* RequestSender.swift */; };
		77E6795A24EB041300D48522 /* NetworkClient.swift in Sources */ = {isa = PBXBuildFile; fileRef = 77E6795924EB041300D48522 /* NetworkClient.swift */; };
		77E6795D24EB04DE00D48522 /* RepositoriesSearchResponse.swift in Sources */ = {isa = PBXBuildFile; fileRef = 77E6795C24EB04DE00D48522 /* RepositoriesSearchResponse.swift */; };
		77E6795F24EB051300D48522 /* Repository.swift in Sources */ = {isa = PBXBuildFile; fileRef = 77E6795E24EB051300D48522 /* Repository.swift */; };
		77E6796124EB054500D48522 /* User.swift in Sources */ = {isa = PBXBuildFile; fileRef = 77E6796024EB054500D48522 /* User.swift */; };
		77E6796424EB191C00D48522 /* RepositoriesViewController.swift in Sources */ = {isa = PBXBuildFile; fileRef = 77E6796324EB191C00D48522 /* RepositoriesViewController.swift */; };
		77E6796624EB1A0C00D48522 /* RepositoriesInteractor.swift in Sources */ = {isa = PBXBuildFile; fileRef = 77E6796524EB1A0C00D48522 /* RepositoriesInteractor.swift */; };
		77E6796824EB1A2100D48522 /* RepositoriesPresenter.swift in Sources */ = {isa = PBXBuildFile; fileRef = 77E6796724EB1A2100D48522 /* RepositoriesPresenter.swift */; };
		77E6796A24EB1A3600D48522 /* RepositoriesRouter.swift in Sources */ = {isa = PBXBuildFile; fileRef = 77E6796924EB1A3600D48522 /* RepositoriesRouter.swift */; };
		77E6796C24EB1A4C00D48522 /* RepositoriesConfigurator.swift in Sources */ = {isa = PBXBuildFile; fileRef = 77E6796B24EB1A4C00D48522 /* RepositoriesConfigurator.swift */; };
		77E6796E24EB2CCD00D48522 /* RepositoriesViewController.xib in Resources */ = {isa = PBXBuildFile; fileRef = 77E6796D24EB2CCD00D48522 /* RepositoriesViewController.xib */; };
		77E6797124EB30B700D48522 /* RepositoryTableViewCell.swift in Sources */ = {isa = PBXBuildFile; fileRef = 77E6797024EB30B700D48522 /* RepositoryTableViewCell.swift */; };
		77E6797324EB30E000D48522 /* RepositoryTableViewCell.xib in Resources */ = {isa = PBXBuildFile; fileRef = 77E6797224EB30E000D48522 /* RepositoryTableViewCell.xib */; };
/* End PBXBuildFile section */

/* Begin PBXContainerItemProxy section */
		77E6792B24E424C900D48522 /* PBXContainerItemProxy */ = {
			isa = PBXContainerItemProxy;
			containerPortal = 77E6790C24E424C700D48522 /* Project object */;
			proxyType = 1;
			remoteGlobalIDString = 77E6791324E424C700D48522;
			remoteInfo = RepoSearcher;
		};
/* End PBXContainerItemProxy section */

/* Begin PBXFileReference section */
		774F278524F6D85F001A556C /* Repositories.xcassets */ = {isa = PBXFileReference; lastKnownFileType = folder.assetcatalog; path = Repositories.xcassets; sourceTree = "<group>"; };
		774F278724F7C015001A556C /* RepositoryViewModel.swift */ = {isa = PBXFileReference; lastKnownFileType = sourcecode.swift; path = RepositoryViewModel.swift; sourceTree = "<group>"; };
		774F278A24F8757A001A556C /* PagingPresenterHelper.swift */ = {isa = PBXFileReference; lastKnownFileType = sourcecode.swift; path = PagingPresenterHelper.swift; sourceTree = "<group>"; };
		774F278D24F88866001A556C /* RepositoryInfoViewController.swift */ = {isa = PBXFileReference; lastKnownFileType = sourcecode.swift; path = RepositoryInfoViewController.swift; sourceTree = "<group>"; };
		774F278F24F88878001A556C /* RepositoryInfoInteractor.swift */ = {isa = PBXFileReference; lastKnownFileType = sourcecode.swift; path = RepositoryInfoInteractor.swift; sourceTree = "<group>"; };
		774F279124F8888C001A556C /* RepositoryInfoPresenter.swift */ = {isa = PBXFileReference; lastKnownFileType = sourcecode.swift; path = RepositoryInfoPresenter.swift; sourceTree = "<group>"; };
		774F279324F888B9001A556C /* RepositoryInfoRouter.swift */ = {isa = PBXFileReference; lastKnownFileType = sourcecode.swift; path = RepositoryInfoRouter.swift; sourceTree = "<group>"; };
		774F279524F888CB001A556C /* RepositoryInfoConfigurator.swift */ = {isa = PBXFileReference; lastKnownFileType = sourcecode.swift; path = RepositoryInfoConfigurator.swift; sourceTree = "<group>"; };
		774F279724F888EE001A556C /* RepositoryInfoViewController.xib */ = {isa = PBXFileReference; lastKnownFileType = file.xib; path = RepositoryInfoViewController.xib; sourceTree = "<group>"; };
		774F279924F88E2B001A556C /* UIViewController+IndexPath.swift */ = {isa = PBXFileReference; lastKnownFileType = sourcecode.swift; path = "UIViewController+IndexPath.swift"; sourceTree = "<group>"; };
		774F279E24F8916B001A556C /* UserViewModel.swift */ = {isa = PBXFileReference; lastKnownFileType = sourcecode.swift; path = UserViewModel.swift; sourceTree = "<group>"; };
		774F27A024F893CB001A556C /* UserTableViewCell.swift */ = {isa = PBXFileReference; lastKnownFileType = sourcecode.swift; path = UserTableViewCell.swift; sourceTree = "<group>"; };
		774F27A224F893E4001A556C /* UserTableViewCell.xib */ = {isa = PBXFileReference; lastKnownFileType = file.xib; path = UserTableViewCell.xib; sourceTree = "<group>"; };
		774F27A424F89B5D001A556C /* Fork.swift */ = {isa = PBXFileReference; lastKnownFileType = sourcecode.swift; path = Fork.swift; sourceTree = "<group>"; };
		77E6791424E424C700D48522 /* RepoSearcher.app */ = {isa = PBXFileReference; explicitFileType = wrapper.application; includeInIndex = 0; path = RepoSearcher.app; sourceTree = BUILT_PRODUCTS_DIR; };
		77E6791724E424C700D48522 /* AppDelegate.swift */ = {isa = PBXFileReference; lastKnownFileType = sourcecode.swift; path = AppDelegate.swift; sourceTree = "<group>"; };
		77E6792024E424C900D48522 /* Assets.xcassets */ = {isa = PBXFileReference; lastKnownFileType = folder.assetcatalog; path = Assets.xcassets; sourceTree = "<group>"; };
		77E6792324E424C900D48522 /* Base */ = {isa = PBXFileReference; lastKnownFileType = file.storyboard; name = Base; path = Base.lproj/LaunchScreen.storyboard; sourceTree = "<group>"; };
		77E6792524E424C900D48522 /* Info.plist */ = {isa = PBXFileReference; lastKnownFileType = text.plist.xml; path = Info.plist; sourceTree = "<group>"; };
		77E6792A24E424C900D48522 /* RepoSearcherTests.xctest */ = {isa = PBXFileReference; explicitFileType = wrapper.cfbundle; includeInIndex = 0; path = RepoSearcherTests.xctest; sourceTree = BUILT_PRODUCTS_DIR; };
		77E6792E24E424C900D48522 /* RepoSearcherTests.swift */ = {isa = PBXFileReference; lastKnownFileType = sourcecode.swift; path = RepoSearcherTests.swift; sourceTree = "<group>"; };
		77E6793024E424C900D48522 /* Info.plist */ = {isa = PBXFileReference; lastKnownFileType = text.plist.xml; path = Info.plist; sourceTree = "<group>"; };
		77E6793B24E99AA300D48522 /* SearchViewController.swift */ = {isa = PBXFileReference; lastKnownFileType = sourcecode.swift; path = SearchViewController.swift; sourceTree = "<group>"; };
		77E6793D24E99AD900D48522 /* SearchInteractor.swift */ = {isa = PBXFileReference; lastKnownFileType = sourcecode.swift; path = SearchInteractor.swift; sourceTree = "<group>"; };
		77E6793F24E99AE600D48522 /* SearchPresenter.swift */ = {isa = PBXFileReference; lastKnownFileType = sourcecode.swift; path = SearchPresenter.swift; sourceTree = "<group>"; };
		77E6794124E99AF400D48522 /* SearchRouter.swift */ = {isa = PBXFileReference; lastKnownFileType = sourcecode.swift; path = SearchRouter.swift; sourceTree = "<group>"; };
		77E6794324E99B0400D48522 /* SearchConfigurator.swift */ = {isa = PBXFileReference; lastKnownFileType = sourcecode.swift; path = SearchConfigurator.swift; sourceTree = "<group>"; };
		77E6795424EA9A0C00D48522 /* SearchViewController.xib */ = {isa = PBXFileReference; lastKnownFileType = file.xib; path = SearchViewController.xib; sourceTree = "<group>"; };
		77E6795724EAFC0600D48522 /* RequestSender.swift */ = {isa = PBXFileReference; lastKnownFileType = sourcecode.swift; path = RequestSender.swift; sourceTree = "<group>"; };
		77E6795924EB041300D48522 /* NetworkClient.swift */ = {isa = PBXFileReference; lastKnownFileType = sourcecode.swift; path = NetworkClient.swift; sourceTree = "<group>"; };
		77E6795C24EB04DE00D48522 /* RepositoriesSearchResponse.swift */ = {isa = PBXFileReference; lastKnownFileType = sourcecode.swift; path = RepositoriesSearchResponse.swift; sourceTree = "<group>"; };
		77E6795E24EB051300D48522 /* Repository.swift */ = {isa = PBXFileReference; lastKnownFileType = sourcecode.swift; path = Repository.swift; sourceTree = "<group>"; };
		77E6796024EB054500D48522 /* User.swift */ = {isa = PBXFileReference; lastKnownFileType = sourcecode.swift; path = User.swift; sourceTree = "<group>"; };
		77E6796324EB191C00D48522 /* RepositoriesViewController.swift */ = {isa = PBXFileReference; lastKnownFileType = sourcecode.swift; path = RepositoriesViewController.swift; sourceTree = "<group>"; };
		77E6796524EB1A0C00D48522 /* RepositoriesInteractor.swift */ = {isa = PBXFileReference; lastKnownFileType = sourcecode.swift; path = RepositoriesInteractor.swift; sourceTree = "<group>"; };
		77E6796724EB1A2100D48522 /* RepositoriesPresenter.swift */ = {isa = PBXFileReference; lastKnownFileType = sourcecode.swift; path = RepositoriesPresenter.swift; sourceTree = "<group>"; };
		77E6796924EB1A3600D48522 /* RepositoriesRouter.swift */ = {isa = PBXFileReference; lastKnownFileType = sourcecode.swift; path = RepositoriesRouter.swift; sourceTree = "<group>"; };
		77E6796B24EB1A4C00D48522 /* RepositoriesConfigurator.swift */ = {isa = PBXFileReference; lastKnownFileType = sourcecode.swift; path = RepositoriesConfigurator.swift; sourceTree = "<group>"; };
		77E6796D24EB2CCD00D48522 /* RepositoriesViewController.xib */ = {isa = PBXFileReference; lastKnownFileType = file.xib; path = RepositoriesViewController.xib; sourceTree = "<group>"; };
		77E6797024EB30B700D48522 /* RepositoryTableViewCell.swift */ = {isa = PBXFileReference; lastKnownFileType = sourcecode.swift; path = RepositoryTableViewCell.swift; sourceTree = "<group>"; };
		77E6797224EB30E000D48522 /* RepositoryTableViewCell.xib */ = {isa = PBXFileReference; lastKnownFileType = file.xib; path = RepositoryTableViewCell.xib; sourceTree = "<group>"; };
/* End PBXFileReference section */

/* Begin PBXFrameworksBuildPhase section */
		77E6791124E424C700D48522 /* Frameworks */ = {
			isa = PBXFrameworksBuildPhase;
			buildActionMask = 2147483647;
			files = (
			);
			runOnlyForDeploymentPostprocessing = 0;
		};
		77E6792724E424C900D48522 /* Frameworks */ = {
			isa = PBXFrameworksBuildPhase;
			buildActionMask = 2147483647;
			files = (
			);
			runOnlyForDeploymentPostprocessing = 0;
		};
/* End PBXFrameworksBuildPhase section */

/* Begin PBXGroup section */
		774F278924F87553001A556C /* Common */ = {
			isa = PBXGroup;
			children = (
				774F278A24F8757A001A556C /* PagingPresenterHelper.swift */,
				774F279924F88E2B001A556C /* UIViewController+IndexPath.swift */,
			);
			path = Common;
			sourceTree = "<group>";
		};
		774F278C24F8883C001A556C /* RepositoryInfo */ = {
			isa = PBXGroup;
			children = (
				774F279B24F89089001A556C /* Views */,
				774F279724F888EE001A556C /* RepositoryInfoViewController.xib */,
				774F278D24F88866001A556C /* RepositoryInfoViewController.swift */,
				774F278F24F88878001A556C /* RepositoryInfoInteractor.swift */,
				774F279124F8888C001A556C /* RepositoryInfoPresenter.swift */,
				774F279324F888B9001A556C /* RepositoryInfoRouter.swift */,
				774F279524F888CB001A556C /* RepositoryInfoConfigurator.swift */,
			);
			path = RepositoryInfo;
			sourceTree = "<group>";
		};
		774F279B24F89089001A556C /* Views */ = {
			isa = PBXGroup;
			children = (
				774F27A224F893E4001A556C /* UserTableViewCell.xib */,
				774F27A024F893CB001A556C /* UserTableViewCell.swift */,
				774F279E24F8916B001A556C /* UserViewModel.swift */,
			);
			path = Views;
			sourceTree = "<group>";
		};
		77E6790B24E424C700D48522 = {
			isa = PBXGroup;
			children = (
				77E6791624E424C700D48522 /* RepoSearcher */,
				77E6792D24E424C900D48522 /* RepoSearcherTests */,
				77E6791524E424C700D48522 /* Products */,
			);
			sourceTree = "<group>";
		};
		77E6791524E424C700D48522 /* Products */ = {
			isa = PBXGroup;
			children = (
				77E6791424E424C700D48522 /* RepoSearcher.app */,
				77E6792A24E424C900D48522 /* RepoSearcherTests.xctest */,
			);
			name = Products;
			sourceTree = "<group>";
		};
		77E6791624E424C700D48522 /* RepoSearcher */ = {
			isa = PBXGroup;
			children = (
				77E6791724E424C700D48522 /* AppDelegate.swift */,
				77E6793924E9916800D48522 /* Scenes */,
				77E6795624EAFBCC00D48522 /* Network */,
				774F278924F87553001A556C /* Common */,
				77E6792024E424C900D48522 /* Assets.xcassets */,
				77E6792224E424C900D48522 /* LaunchScreen.storyboard */,
				77E6792524E424C900D48522 /* Info.plist */,
			);
			path = RepoSearcher;
			sourceTree = "<group>";
		};
		77E6792D24E424C900D48522 /* RepoSearcherTests */ = {
			isa = PBXGroup;
			children = (
				77E6792E24E424C900D48522 /* RepoSearcherTests.swift */,
				77E6793024E424C900D48522 /* Info.plist */,
			);
			path = RepoSearcherTests;
			sourceTree = "<group>";
		};
		77E6793924E9916800D48522 /* Scenes */ = {
			isa = PBXGroup;
			children = (
				77E6793A24E99A0700D48522 /* Search */,
				77E6796224EB18F100D48522 /* Repositories */,
				774F278C24F8883C001A556C /* RepositoryInfo */,
			);
			path = Scenes;
			sourceTree = "<group>";
		};
		77E6793A24E99A0700D48522 /* Search */ = {
			isa = PBXGroup;
			children = (
				77E6795424EA9A0C00D48522 /* SearchViewController.xib */,
				77E6793B24E99AA300D48522 /* SearchViewController.swift */,
				77E6793D24E99AD900D48522 /* SearchInteractor.swift */,
				77E6793F24E99AE600D48522 /* SearchPresenter.swift */,
				77E6794124E99AF400D48522 /* SearchRouter.swift */,
				77E6794324E99B0400D48522 /* SearchConfigurator.swift */,
			);
			path = Search;
			sourceTree = "<group>";
		};
		77E6795624EAFBCC00D48522 /* Network */ = {
			isa = PBXGroup;
			children = (
				77E6795B24EB049100D48522 /* DomainModels */,
				77E6795924EB041300D48522 /* NetworkClient.swift */,
				77E6795724EAFC0600D48522 /* RequestSender.swift */,
			);
			path = Network;
			sourceTree = "<group>";
		};
		77E6795B24EB049100D48522 /* DomainModels */ = {
			isa = PBXGroup;
			children = (
				77E6795C24EB04DE00D48522 /* RepositoriesSearchResponse.swift */,
				77E6795E24EB051300D48522 /* Repository.swift */,
				77E6796024EB054500D48522 /* User.swift */,
				774F27A424F89B5D001A556C /* Fork.swift */,
			);
			path = DomainModels;
			sourceTree = "<group>";
		};
		77E6796224EB18F100D48522 /* Repositories */ = {
			isa = PBXGroup;
			children = (
				77E6796F24EB309C00D48522 /* Views */,
				77E6796D24EB2CCD00D48522 /* RepositoriesViewController.xib */,
				77E6796324EB191C00D48522 /* RepositoriesViewController.swift */,
				77E6796524EB1A0C00D48522 /* RepositoriesInteractor.swift */,
				77E6796724EB1A2100D48522 /* RepositoriesPresenter.swift */,
				77E6796924EB1A3600D48522 /* RepositoriesRouter.swift */,
				77E6796B24EB1A4C00D48522 /* RepositoriesConfigurator.swift */,
				774F278524F6D85F001A556C /* Repositories.xcassets */,
			);
			path = Repositories;
			sourceTree = "<group>";
		};
		77E6796F24EB309C00D48522 /* Views */ = {
			isa = PBXGroup;
			children = (
				77E6797224EB30E000D48522 /* RepositoryTableViewCell.xib */,
				77E6797024EB30B700D48522 /* RepositoryTableViewCell.swift */,
				774F278724F7C015001A556C /* RepositoryViewModel.swift */,
			);
			path = Views;
			sourceTree = "<group>";
		};
/* End PBXGroup section */

/* Begin PBXNativeTarget section */
		77E6791324E424C700D48522 /* RepoSearcher */ = {
			isa = PBXNativeTarget;
			buildConfigurationList = 77E6793324E424C900D48522 /* Build configuration list for PBXNativeTarget "RepoSearcher" */;
			buildPhases = (
				77E6791024E424C700D48522 /* Sources */,
				77E6791124E424C700D48522 /* Frameworks */,
				77E6791224E424C700D48522 /* Resources */,
			);
			buildRules = (
			);
			dependencies = (
			);
			name = RepoSearcher;
			productName = RepoSearcher;
			productReference = 77E6791424E424C700D48522 /* RepoSearcher.app */;
			productType = "com.apple.product-type.application";
		};
		77E6792924E424C900D48522 /* RepoSearcherTests */ = {
			isa = PBXNativeTarget;
			buildConfigurationList = 77E6793624E424C900D48522 /* Build configuration list for PBXNativeTarget "RepoSearcherTests" */;
			buildPhases = (
				77E6792624E424C900D48522 /* Sources */,
				77E6792724E424C900D48522 /* Frameworks */,
				77E6792824E424C900D48522 /* Resources */,
			);
			buildRules = (
			);
			dependencies = (
				77E6792C24E424C900D48522 /* PBXTargetDependency */,
			);
			name = RepoSearcherTests;
			productName = RepoSearcherTests;
			productReference = 77E6792A24E424C900D48522 /* RepoSearcherTests.xctest */;
			productType = "com.apple.product-type.bundle.unit-test";
		};
/* End PBXNativeTarget section */

/* Begin PBXProject section */
		77E6790C24E424C700D48522 /* Project object */ = {
			isa = PBXProject;
			attributes = {
				LastSwiftUpdateCheck = 1140;
				LastUpgradeCheck = 1140;
				ORGANIZATIONNAME = "Imaginary Company";
				TargetAttributes = {
					77E6791324E424C700D48522 = {
						CreatedOnToolsVersion = 11.4.1;
					};
					77E6792924E424C900D48522 = {
						CreatedOnToolsVersion = 11.4.1;
						TestTargetID = 77E6791324E424C700D48522;
					};
				};
			};
			buildConfigurationList = 77E6790F24E424C700D48522 /* Build configuration list for PBXProject "RepoSearcher" */;
			compatibilityVersion = "Xcode 9.3";
			developmentRegion = en;
			hasScannedForEncodings = 0;
			knownRegions = (
				en,
				Base,
			);
			mainGroup = 77E6790B24E424C700D48522;
			productRefGroup = 77E6791524E424C700D48522 /* Products */;
			projectDirPath = "";
			projectRoot = "";
			targets = (
				77E6791324E424C700D48522 /* RepoSearcher */,
				77E6792924E424C900D48522 /* RepoSearcherTests */,
			);
		};
/* End PBXProject section */

/* Begin PBXResourcesBuildPhase section */
		77E6791224E424C700D48522 /* Resources */ = {
			isa = PBXResourcesBuildPhase;
			buildActionMask = 2147483647;
			files = (
				774F27A324F893E4001A556C /* UserTableViewCell.xib in Resources */,
				77E6797324EB30E000D48522 /* RepositoryTableViewCell.xib in Resources */,
				77E6792424E424C900D48522 /* LaunchScreen.storyboard in Resources */,
				77E6792124E424C900D48522 /* Assets.xcassets in Resources */,
				77E6796E24EB2CCD00D48522 /* RepositoriesViewController.xib in Resources */,
				774F279824F888EE001A556C /* RepositoryInfoViewController.xib in Resources */,
				77E6795524EA9A0C00D48522 /* SearchViewController.xib in Resources */,
				774F278624F6D85F001A556C /* Repositories.xcassets in Resources */,
			);
			runOnlyForDeploymentPostprocessing = 0;
		};
		77E6792824E424C900D48522 /* Resources */ = {
			isa = PBXResourcesBuildPhase;
			buildActionMask = 2147483647;
			files = (
			);
			runOnlyForDeploymentPostprocessing = 0;
		};
/* End PBXResourcesBuildPhase section */

/* Begin PBXSourcesBuildPhase section */
		77E6791024E424C700D48522 /* Sources */ = {
			isa = PBXSourcesBuildPhase;
			buildActionMask = 2147483647;
			files = (
				77E6796824EB1A2100D48522 /* RepositoriesPresenter.swift in Sources */,
				774F27A124F893CB001A556C /* UserTableViewCell.swift in Sources */,
				77E6796124EB054500D48522 /* User.swift in Sources */,
				774F279224F8888C001A556C /* RepositoryInfoPresenter.swift in Sources */,
				77E6794424E99B0400D48522 /* SearchConfigurator.swift in Sources */,
				77E6793E24E99AD900D48522 /* SearchInteractor.swift in Sources */,
				77E6796C24EB1A4C00D48522 /* RepositoriesConfigurator.swift in Sources */,
				77E6795D24EB04DE00D48522 /* RepositoriesSearchResponse.swift in Sources */,
				774F278B24F8757A001A556C /* PagingPresenterHelper.swift in Sources */,
				774F27A524F89B5D001A556C /* Fork.swift in Sources */,
				77E6796624EB1A0C00D48522 /* RepositoriesInteractor.swift in Sources */,
				774F279F24F8916B001A556C /* UserViewModel.swift in Sources */,
				774F279424F888B9001A556C /* RepositoryInfoRouter.swift in Sources */,
				774F278E24F88866001A556C /* RepositoryInfoViewController.swift in Sources */,
				77E6795824EAFC0600D48522 /* RequestSender.swift in Sources */,
				77E6794224E99AF400D48522 /* SearchRouter.swift in Sources */,
				77E6796424EB191C00D48522 /* RepositoriesViewController.swift in Sources */,
				77E6793C24E99AA300D48522 /* SearchViewController.swift in Sources */,
				77E6794024E99AE600D48522 /* SearchPresenter.swift in Sources */,
				77E6796A24EB1A3600D48522 /* RepositoriesRouter.swift in Sources */,
				774F279A24F88E2B001A556C /* UIViewController+IndexPath.swift in Sources */,
				77E6791824E424C700D48522 /* AppDelegate.swift in Sources */,
				774F279624F888CB001A556C /* RepositoryInfoConfigurator.swift in Sources */,
				774F278824F7C015001A556C /* RepositoryViewModel.swift in Sources */,
				77E6797124EB30B700D48522 /* RepositoryTableViewCell.swift in Sources */,
				774F279024F88878001A556C /* RepositoryInfoInteractor.swift in Sources */,
				77E6795A24EB041300D48522 /* NetworkClient.swift in Sources */,
				77E6795F24EB051300D48522 /* Repository.swift in Sources */,
			);
			runOnlyForDeploymentPostprocessing = 0;
		};
		77E6792624E424C900D48522 /* Sources */ = {
			isa = PBXSourcesBuildPhase;
			buildActionMask = 2147483647;
			files = (
				77E6792F24E424C900D48522 /* RepoSearcherTests.swift in Sources */,
			);
			runOnlyForDeploymentPostprocessing = 0;
		};
/* End PBXSourcesBuildPhase section */

/* Begin PBXTargetDependency section */
		77E6792C24E424C900D48522 /* PBXTargetDependency */ = {
			isa = PBXTargetDependency;
			target = 77E6791324E424C700D48522 /* RepoSearcher */;
			targetProxy = 77E6792B24E424C900D48522 /* PBXContainerItemProxy */;
		};
/* End PBXTargetDependency section */

/* Begin PBXVariantGroup section */
		77E6792224E424C900D48522 /* LaunchScreen.storyboard */ = {
			isa = PBXVariantGroup;
			children = (
				77E6792324E424C900D48522 /* Base */,
			);
			name = LaunchScreen.storyboard;
			sourceTree = "<group>";
		};
/* End PBXVariantGroup section */

/* Begin XCBuildConfiguration section */
		77E6793124E424C900D48522 /* Debug */ = {
			isa = XCBuildConfiguration;
			buildSettings = {
				ALWAYS_SEARCH_USER_PATHS = NO;
				CLANG_ANALYZER_NONNULL = YES;
				CLANG_ANALYZER_NUMBER_OBJECT_CONVERSION = YES_AGGRESSIVE;
				CLANG_CXX_LANGUAGE_STANDARD = "gnu++14";
				CLANG_CXX_LIBRARY = "libc++";
				CLANG_ENABLE_MODULES = YES;
				CLANG_ENABLE_OBJC_ARC = YES;
				CLANG_ENABLE_OBJC_WEAK = YES;
				CLANG_WARN_BLOCK_CAPTURE_AUTORELEASING = YES;
				CLANG_WARN_BOOL_CONVERSION = YES;
				CLANG_WARN_COMMA = YES;
				CLANG_WARN_CONSTANT_CONVERSION = YES;
				CLANG_WARN_DEPRECATED_OBJC_IMPLEMENTATIONS = YES;
				CLANG_WARN_DIRECT_OBJC_ISA_USAGE = YES_ERROR;
				CLANG_WARN_DOCUMENTATION_COMMENTS = YES;
				CLANG_WARN_EMPTY_BODY = YES;
				CLANG_WARN_ENUM_CONVERSION = YES;
				CLANG_WARN_INFINITE_RECURSION = YES;
				CLANG_WARN_INT_CONVERSION = YES;
				CLANG_WARN_NON_LITERAL_NULL_CONVERSION = YES;
				CLANG_WARN_OBJC_IMPLICIT_RETAIN_SELF = YES;
				CLANG_WARN_OBJC_LITERAL_CONVERSION = YES;
				CLANG_WARN_OBJC_ROOT_CLASS = YES_ERROR;
				CLANG_WARN_RANGE_LOOP_ANALYSIS = YES;
				CLANG_WARN_STRICT_PROTOTYPES = YES;
				CLANG_WARN_SUSPICIOUS_MOVE = YES;
				CLANG_WARN_UNGUARDED_AVAILABILITY = YES_AGGRESSIVE;
				CLANG_WARN_UNREACHABLE_CODE = YES;
				CLANG_WARN__DUPLICATE_METHOD_MATCH = YES;
				COPY_PHASE_STRIP = NO;
				DEBUG_INFORMATION_FORMAT = dwarf;
				ENABLE_STRICT_OBJC_MSGSEND = YES;
				ENABLE_TESTABILITY = YES;
				GCC_C_LANGUAGE_STANDARD = gnu11;
				GCC_DYNAMIC_NO_PIC = NO;
				GCC_NO_COMMON_BLOCKS = YES;
				GCC_OPTIMIZATION_LEVEL = 0;
				GCC_PREPROCESSOR_DEFINITIONS = (
					"DEBUG=1",
					"$(inherited)",
				);
				GCC_WARN_64_TO_32_BIT_CONVERSION = YES;
				GCC_WARN_ABOUT_RETURN_TYPE = YES_ERROR;
				GCC_WARN_UNDECLARED_SELECTOR = YES;
				GCC_WARN_UNINITIALIZED_AUTOS = YES_AGGRESSIVE;
				GCC_WARN_UNUSED_FUNCTION = YES;
				GCC_WARN_UNUSED_VARIABLE = YES;
				IPHONEOS_DEPLOYMENT_TARGET = 12.0;
				MTL_ENABLE_DEBUG_INFO = INCLUDE_SOURCE;
				MTL_FAST_MATH = YES;
				ONLY_ACTIVE_ARCH = YES;
				SDKROOT = iphoneos;
				SWIFT_ACTIVE_COMPILATION_CONDITIONS = DEBUG;
				SWIFT_OPTIMIZATION_LEVEL = "-Onone";
			};
			name = Debug;
		};
		77E6793224E424C900D48522 /* Release */ = {
			isa = XCBuildConfiguration;
			buildSettings = {
				ALWAYS_SEARCH_USER_PATHS = NO;
				CLANG_ANALYZER_NONNULL = YES;
				CLANG_ANALYZER_NUMBER_OBJECT_CONVERSION = YES_AGGRESSIVE;
				CLANG_CXX_LANGUAGE_STANDARD = "gnu++14";
				CLANG_CXX_LIBRARY = "libc++";
				CLANG_ENABLE_MODULES = YES;
				CLANG_ENABLE_OBJC_ARC = YES;
				CLANG_ENABLE_OBJC_WEAK = YES;
				CLANG_WARN_BLOCK_CAPTURE_AUTORELEASING = YES;
				CLANG_WARN_BOOL_CONVERSION = YES;
				CLANG_WARN_COMMA = YES;
				CLANG_WARN_CONSTANT_CONVERSION = YES;
				CLANG_WARN_DEPRECATED_OBJC_IMPLEMENTATIONS = YES;
				CLANG_WARN_DIRECT_OBJC_ISA_USAGE = YES_ERROR;
				CLANG_WARN_DOCUMENTATION_COMMENTS = YES;
				CLANG_WARN_EMPTY_BODY = YES;
				CLANG_WARN_ENUM_CONVERSION = YES;
				CLANG_WARN_INFINITE_RECURSION = YES;
				CLANG_WARN_INT_CONVERSION = YES;
				CLANG_WARN_NON_LITERAL_NULL_CONVERSION = YES;
				CLANG_WARN_OBJC_IMPLICIT_RETAIN_SELF = YES;
				CLANG_WARN_OBJC_LITERAL_CONVERSION = YES;
				CLANG_WARN_OBJC_ROOT_CLASS = YES_ERROR;
				CLANG_WARN_RANGE_LOOP_ANALYSIS = YES;
				CLANG_WARN_STRICT_PROTOTYPES = YES;
				CLANG_WARN_SUSPICIOUS_MOVE = YES;
				CLANG_WARN_UNGUARDED_AVAILABILITY = YES_AGGRESSIVE;
				CLANG_WARN_UNREACHABLE_CODE = YES;
				CLANG_WARN__DUPLICATE_METHOD_MATCH = YES;
				COPY_PHASE_STRIP = NO;
				DEBUG_INFORMATION_FORMAT = "dwarf-with-dsym";
				ENABLE_NS_ASSERTIONS = NO;
				ENABLE_STRICT_OBJC_MSGSEND = YES;
				GCC_C_LANGUAGE_STANDARD = gnu11;
				GCC_NO_COMMON_BLOCKS = YES;
				GCC_WARN_64_TO_32_BIT_CONVERSION = YES;
				GCC_WARN_ABOUT_RETURN_TYPE = YES_ERROR;
				GCC_WARN_UNDECLARED_SELECTOR = YES;
				GCC_WARN_UNINITIALIZED_AUTOS = YES_AGGRESSIVE;
				GCC_WARN_UNUSED_FUNCTION = YES;
				GCC_WARN_UNUSED_VARIABLE = YES;
				IPHONEOS_DEPLOYMENT_TARGET = 12.0;
				MTL_ENABLE_DEBUG_INFO = NO;
				MTL_FAST_MATH = YES;
				SDKROOT = iphoneos;
				SWIFT_COMPILATION_MODE = wholemodule;
				SWIFT_OPTIMIZATION_LEVEL = "-O";
				VALIDATE_PRODUCT = YES;
			};
			name = Release;
		};
		77E6793424E424C900D48522 /* Debug */ = {
			isa = XCBuildConfiguration;
			buildSettings = {
				ASSETCATALOG_COMPILER_APPICON_NAME = AppIcon;
				CODE_SIGN_STYLE = Automatic;
				INFOPLIST_FILE = RepoSearcher/Info.plist;
				LD_RUNPATH_SEARCH_PATHS = (
					"$(inherited)",
					"@executable_path/Frameworks",
				);
				PRODUCT_BUNDLE_IDENTIFIER = com.IC.RepoSearcher;
				PRODUCT_NAME = "$(TARGET_NAME)";
				SWIFT_VERSION = 5.0;
				TARGETED_DEVICE_FAMILY = 1;
			};
			name = Debug;
		};
		77E6793524E424C900D48522 /* Release */ = {
			isa = XCBuildConfiguration;
			buildSettings = {
				ASSETCATALOG_COMPILER_APPICON_NAME = AppIcon;
				CODE_SIGN_STYLE = Automatic;
				INFOPLIST_FILE = RepoSearcher/Info.plist;
				LD_RUNPATH_SEARCH_PATHS = (
					"$(inherited)",
					"@executable_path/Frameworks",
				);
				PRODUCT_BUNDLE_IDENTIFIER = com.IC.RepoSearcher;
				PRODUCT_NAME = "$(TARGET_NAME)";
				SWIFT_VERSION = 5.0;
				TARGETED_DEVICE_FAMILY = 1;
			};
			name = Release;
		};
		77E6793724E424C900D48522 /* Debug */ = {
			isa = XCBuildConfiguration;
			buildSettings = {
				ALWAYS_EMBED_SWIFT_STANDARD_LIBRARIES = YES;
				BUNDLE_LOADER = "$(TEST_HOST)";
				CODE_SIGN_STYLE = Automatic;
				INFOPLIST_FILE = RepoSearcherTests/Info.plist;
				IPHONEOS_DEPLOYMENT_TARGET = 13.4;
				LD_RUNPATH_SEARCH_PATHS = (
					"$(inherited)",
					"@executable_path/Frameworks",
					"@loader_path/Frameworks",
				);
				PRODUCT_BUNDLE_IDENTIFIER = com.IC.RepoSearcherTests;
				PRODUCT_NAME = "$(TARGET_NAME)";
				SWIFT_VERSION = 5.0;
				TARGETED_DEVICE_FAMILY = "1,2";
				TEST_HOST = "$(BUILT_PRODUCTS_DIR)/RepoSearcher.app/RepoSearcher";
			};
			name = Debug;
		};
		77E6793824E424C900D48522 /* Release */ = {
			isa = XCBuildConfiguration;
			buildSettings = {
				ALWAYS_EMBED_SWIFT_STANDARD_LIBRARIES = YES;
				BUNDLE_LOADER = "$(TEST_HOST)";
				CODE_SIGN_STYLE = Automatic;
				INFOPLIST_FILE = RepoSearcherTests/Info.plist;
				IPHONEOS_DEPLOYMENT_TARGET = 13.4;
				LD_RUNPATH_SEARCH_PATHS = (
					"$(inherited)",
					"@executable_path/Frameworks",
					"@loader_path/Frameworks",
				);
				PRODUCT_BUNDLE_IDENTIFIER = com.IC.RepoSearcherTests;
				PRODUCT_NAME = "$(TARGET_NAME)";
				SWIFT_VERSION = 5.0;
				TARGETED_DEVICE_FAMILY = "1,2";
				TEST_HOST = "$(BUILT_PRODUCTS_DIR)/RepoSearcher.app/RepoSearcher";
			};
			name = Release;
		};
/* End XCBuildConfiguration section */

/* Begin XCConfigurationList section */
		77E6790F24E424C700D48522 /* Build configuration list for PBXProject "RepoSearcher" */ = {
			isa = XCConfigurationList;
			buildConfigurations = (
				77E6793124E424C900D48522 /* Debug */,
				77E6793224E424C900D48522 /* Release */,
			);
			defaultConfigurationIsVisible = 0;
			defaultConfigurationName = Release;
		};
		77E6793324E424C900D48522 /* Build configuration list for PBXNativeTarget "RepoSearcher" */ = {
			isa = XCConfigurationList;
			buildConfigurations = (
				77E6793424E424C900D48522 /* Debug */,
				77E6793524E424C900D48522 /* Release */,
			);
			defaultConfigurationIsVisible = 0;
			defaultConfigurationName = Release;
		};
		77E6793624E424C900D48522 /* Build configuration list for PBXNativeTarget "RepoSearcherTests" */ = {
			isa = XCConfigurationList;
			buildConfigurations = (
				77E6793724E424C900D48522 /* Debug */,
				77E6793824E424C900D48522 /* Release */,
			);
			defaultConfigurationIsVisible = 0;
			defaultConfigurationName = Release;
		};
/* End XCConfigurationList section */
	};
	rootObject = 77E6790C24E424C700D48522 /* Project object */;
}
